
Microsoft Visual Studio Solution File, Format Version 12.00
# Visual Studio Version 16
VisualStudioVersion = 16.0.31205.134
MinimumVisualStudioVersion = 10.0.40219.1
Project("{FAE04EC0-301F-11D3-BF4B-00C04F79EFBC}") = "A877810.Actividad02", "A877810.Actividad02\A877810.Actividad02.csproj", "{3A15D27F-8CF1-4941-980C-1A348582970E}"
EndProject
Global
	GlobalSection(SolutionConfigurationPlatforms) = preSolution
		Debug|Any CPU = Debug|Any CPU
		Release|Any CPU = Release|Any CPU
	EndGlobalSection
	GlobalSection(ProjectConfigurationPlatforms) = postSolution
		{3A15D27F-8CF1-4941-980C-1A348582970E}.Debug|Any CPU.ActiveCfg = Debug|Any CPU
		{3A15D27F-8CF1-4941-980C-1A348582970E}.Debug|Any CPU.Build.0 = Debug|Any CPU
		{3A15D27F-8CF1-4941-980C-1A348582970E}.Release|Any CPU.ActiveCfg = Release|Any CPU
		{3A15D27F-8CF1-4941-980C-1A348582970E}.Release|Any CPU.Build.0 = Release|Any CPU
	EndGlobalSection
	GlobalSection(SolutionProperties) = preSolution
		HideSolutionNode = FALSE
	EndGlobalSection
	GlobalSection(ExtensibilityGlobals) = postSolution
		SolutionGuid = {5F0B810E-BFCD-4960-9E69-9AE5C67FCA25}
	EndGlobalSection
EndGlobal
